
Microsoft Visual Studio Solution File, Format Version 12.00
# Visual Studio Version 17
VisualStudioVersion = 17.14.36414.22 d17.14
MinimumVisualStudioVersion = 10.0.40219.1
Project("{FAE04EC0-301F-11D3-BF4B-00C04F79EFBC}") = "VDriveDesktop", "VDriveDesktop.csproj", "{66CB8CA2-5FB1-4ADC-ABBD-A0D167416532}"
EndProject
Global
	GlobalSection(SolutionConfigurationPlatforms) = preSolution
		Debug|Any CPU = Debug|Any CPU
		Release|Any CPU = Release|Any CPU
	EndGlobalSection
	GlobalSection(ProjectConfigurationPlatforms) = postSolution
		{66CB8CA2-5FB1-4ADC-ABBD-A0D167416532}.Debug|Any CPU.ActiveCfg = Debug|Any CPU
		{66CB8CA2-5FB1-4ADC-ABBD-A0D167416532}.Debug|Any CPU.Build.0 = Debug|Any CPU
		{66CB8CA2-5FB1-4ADC-ABBD-A0D167416532}.Debug|Any CPU.Deploy.0 = Debug|Any CPU
		{66CB8CA2-5FB1-4ADC-ABBD-A0D167416532}.Release|Any CPU.ActiveCfg = Release|Any CPU
		{66CB8CA2-5FB1-4ADC-ABBD-A0D167416532}.Release|Any CPU.Build.0 = Release|Any CPU
		{66CB8CA2-5FB1-4ADC-ABBD-A0D167416532}.Release|Any CPU.Deploy.0 = Release|Any CPU
	EndGlobalSection
	GlobalSection(SolutionProperties) = preSolution
		HideSolutionNode = FALSE
	EndGlobalSection
	GlobalSection(ExtensibilityGlobals) = postSolution
		SolutionGuid = {C5D95943-3474-48D0-8055-1B6A387F2AEB}
	EndGlobalSection
EndGlobal
